
Microsoft Visual Studio Solution File, Format Version 12.00
# Visual Studio 15
VisualStudioVersion = 15.0.28307.438
MinimumVisualStudioVersion = 10.0.40219.1
Project("{FAE04EC0-301F-11D3-BF4B-00C04F79EFBC}") = "CONTROLE_PESSOAL", "CONTROLE_PESSOAL\CONTROLE_PESSOAL.csproj", "{37073FFB-A306-48C5-9F49-83E18809515E}"
EndProject
Global
	GlobalSection(SolutionConfigurationPlatforms) = preSolution
		Debug|Any CPU = Debug|Any CPU
		Release|Any CPU = Release|Any CPU
	EndGlobalSection
	GlobalSection(ProjectConfigurationPlatforms) = postSolution
		{37073FFB-A306-48C5-9F49-83E18809515E}.Debug|Any CPU.ActiveCfg = Debug|Any CPU
		{37073FFB-A306-48C5-9F49-83E18809515E}.Debug|Any CPU.Build.0 = Debug|Any CPU
		{37073FFB-A306-48C5-9F49-83E18809515E}.Release|Any CPU.ActiveCfg = Release|Any CPU
		{37073FFB-A306-48C5-9F49-83E18809515E}.Release|Any CPU.Build.0 = Release|Any CPU
	EndGlobalSection
	GlobalSection(SolutionProperties) = preSolution
		HideSolutionNode = FALSE
	EndGlobalSection
	GlobalSection(ExtensibilityGlobals) = postSolution
		SolutionGuid = {CDAFF6E7-701A-4EE0-A5F7-3303F4A39FA4}
	EndGlobalSection
EndGlobal
